
Microsoft Visual Studio Solution File, Format Version 12.00
# Visual Studio Version 16
VisualStudioVersion = 16.0.32106.194
MinimumVisualStudioVersion = 10.0.40219.1
Project("{FAE04EC0-301F-11D3-BF4B-00C04F79EFBC}") = "Badetidssystemet", "Badetidssystemet\Badetidssystemet.csproj", "{DF4D7057-4CC5-487B-A6DF-183C534A7391}"
EndProject
Global
	GlobalSection(SolutionConfigurationPlatforms) = preSolution
		Debug|Any CPU = Debug|Any CPU
		Release|Any CPU = Release|Any CPU
	EndGlobalSection
	GlobalSection(ProjectConfigurationPlatforms) = postSolution
		{DF4D7057-4CC5-487B-A6DF-183C534A7391}.Debug|Any CPU.ActiveCfg = Debug|Any CPU
		{DF4D7057-4CC5-487B-A6DF-183C534A7391}.Debug|Any CPU.Build.0 = Debug|Any CPU
		{DF4D7057-4CC5-487B-A6DF-183C534A7391}.Release|Any CPU.ActiveCfg = Release|Any CPU
		{DF4D7057-4CC5-487B-A6DF-183C534A7391}.Release|Any CPU.Build.0 = Release|Any CPU
	EndGlobalSection
	GlobalSection(SolutionProperties) = preSolution
		HideSolutionNode = FALSE
	EndGlobalSection
	GlobalSection(ExtensibilityGlobals) = postSolution
		SolutionGuid = {908A8472-04AE-4B22-91AF-05F9503D84C7}
	EndGlobalSection
EndGlobal
